
Microsoft Visual Studio Solution File, Format Version 12.00
# Visual Studio Version 17
VisualStudioVersion = 17.0.31903.59
MinimumVisualStudioVersion = 10.0.40219.1
Project("{FAE04EC0-301F-11D3-BF4B-00C04F79EFBC}") = "MDR.Server", "MDR.Server\MDR.Server.csproj", "{117A5B8C-9A8A-45E7-A399-53DDEA5BBC1D}"
EndProject
Project("{FAE04EC0-301F-11D3-BF4B-00C04F79EFBC}") = "MDR.Utility", "MDR.Utility\MDR.Utility.csproj", "{17BB2F15-C1AB-45A4-9D4A-C87C0315EB6D}"
EndProject
Project("{2150E333-8FDC-42A3-9474-1A3956D46DE8}") = "MDR.Test", "MDR.Test", "{F16DECC9-480D-441B-9B78-5061BDCF8A67}"
EndProject
Project("{FAE04EC0-301F-11D3-BF4B-00C04F79EFBC}") = "MDR.Infrastructure.Test", "MDR.Test\MDR.Infrastructure.Test\MDR.Infrastructure.Test.csproj", "{EFD9852F-0324-40C9-BAA2-E38EA6772B51}"
EndProject
Project("{FAE04EC0-301F-11D3-BF4B-00C04F79EFBC}") = "MDR.Utility.Test", "MDR.Test\MDR.Utility.Test\MDR.Utility.Test.csproj", "{154AE283-10FA-4F72-A747-3B23DE2C27F3}"
EndProject
Project("{2150E333-8FDC-42A3-9474-1A3956D46DE8}") = "MDR.Device", "MDR.Device", "{5D0EA423-63F6-4A78-B880-AC6C16CAD17F}"
EndProject
Project("{FAE04EC0-301F-11D3-BF4B-00C04F79EFBC}") = "MDR.Device.Api", "MDR.Device\MDR.Device.Api\MDR.Device.Api.csproj", "{D482CDA0-428E-4E48-8709-09A6753A1DA8}"
EndProject
Project("{2150E333-8FDC-42A3-9474-1A3956D46DE8}") = "Implementation", "Implementation", "{BC5A64E5-5B3B-41EF-81CF-CFE89A49ED81}"
EndProject
Project("{FAE04EC0-301F-11D3-BF4B-00C04F79EFBC}") = "MDR.Device.Implementation.WWKS1", "MDR.Device\Implementation\MDR.Device.Implementation.WWKS1\MDR.Device.Implementation.WWKS1.csproj", "{C2D59235-8281-4B0B-8E1C-93A5C100C631}"
EndProject
Project("{2150E333-8FDC-42A3-9474-1A3956D46DE8}") = "MDR.Infrastructure", "MDR.Infrastructure", "{E4F480EA-BDA0-49C6-923B-3FF75245008B}"
EndProject
Project("{FAE04EC0-301F-11D3-BF4B-00C04F79EFBC}") = "MDR.Infrastructure.Extensions", "MDR.Infrastructure\MDR.Infrastructure.Extensions\MDR.Infrastructure.Extensions.csproj", "{EED17C70-E97B-40B8-89B1-B4D7C70533F7}"
EndProject
Project("{FAE04EC0-301F-11D3-BF4B-00C04F79EFBC}") = "MDR.Infrastructure.Log", "MDR.Infrastructure\MDR.Infrastructure.Log\MDR.Infrastructure.Log.csproj", "{4E26803C-0F0E-4CFB-8261-04F4BC569F1A}"
EndProject
Project("{FAE04EC0-301F-11D3-BF4B-00C04F79EFBC}") = "MDR.Infrastructure.RestEase", "MDR.Infrastructure\MDR.Infrastructure.RestEase\MDR.Infrastructure.RestEase.csproj", "{3B6410F1-2B15-4141-A29F-93A74304C89B}"
EndProject
Project("{FAE04EC0-301F-11D3-BF4B-00C04F79EFBC}") = "MDR.Device.Implementation.WWKS2", "MDR.Device\Implementation\MDR.Device.Implementation.WWKS2\MDR.Device.Implementation.WWKS2.csproj", "{819FCB25-D112-489B-B4BC-317546531201}"
EndProject
Project("{2150E333-8FDC-42A3-9474-1A3956D46DE8}") = "MDR.Data", "MDR.Data", "{5B55D2C8-5A3F-4A36-A26E-37F514E7DAAB}"
EndProject
Project("{FAE04EC0-301F-11D3-BF4B-00C04F79EFBC}") = "MDR.Data.Entity", "MDR.Data\MDR.Data.Entity\MDR.Data.Entity.csproj", "{EDC623FE-5EA0-4FB3-A59E-B47243B223A3}"
EndProject
Project("{FAE04EC0-301F-11D3-BF4B-00C04F79EFBC}") = "MDR.Data.Model", "MDR.Data\MDR.Data.Model\MDR.Data.Model.csproj", "{C8694449-E00F-4860-9BD1-A18C360D7BA1}"
EndProject
Project("{FAE04EC0-301F-11D3-BF4B-00C04F79EFBC}") = "MDR.Infrastructure.Autofac.Extensions", "MDR.Infrastructure\MDR.Infrastructure.Autofac.Extensions\MDR.Infrastructure.Autofac.Extensions.csproj", "{D7179382-E4A3-4A44-A708-78B2494CC6DB}"
EndProject
Global
	GlobalSection(SolutionConfigurationPlatforms) = preSolution
		Debug|Any CPU = Debug|Any CPU
		Release|Any CPU = Release|Any CPU
	EndGlobalSection
	GlobalSection(SolutionProperties) = preSolution
		HideSolutionNode = FALSE
	EndGlobalSection
	GlobalSection(ProjectConfigurationPlatforms) = postSolution
		{117A5B8C-9A8A-45E7-A399-53DDEA5BBC1D}.Debug|Any CPU.ActiveCfg = Debug|Any CPU
		{117A5B8C-9A8A-45E7-A399-53DDEA5BBC1D}.Debug|Any CPU.Build.0 = Debug|Any CPU
		{117A5B8C-9A8A-45E7-A399-53DDEA5BBC1D}.Release|Any CPU.ActiveCfg = Release|Any CPU
		{117A5B8C-9A8A-45E7-A399-53DDEA5BBC1D}.Release|Any CPU.Build.0 = Release|Any CPU
		{17BB2F15-C1AB-45A4-9D4A-C87C0315EB6D}.Debug|Any CPU.ActiveCfg = Debug|Any CPU
		{17BB2F15-C1AB-45A4-9D4A-C87C0315EB6D}.Debug|Any CPU.Build.0 = Debug|Any CPU
		{17BB2F15-C1AB-45A4-9D4A-C87C0315EB6D}.Release|Any CPU.ActiveCfg = Release|Any CPU
		{17BB2F15-C1AB-45A4-9D4A-C87C0315EB6D}.Release|Any CPU.Build.0 = Release|Any CPU
		{EFD9852F-0324-40C9-BAA2-E38EA6772B51}.Debug|Any CPU.ActiveCfg = Debug|Any CPU
		{EFD9852F-0324-40C9-BAA2-E38EA6772B51}.Debug|Any CPU.Build.0 = Debug|Any CPU
		{EFD9852F-0324-40C9-BAA2-E38EA6772B51}.Release|Any CPU.ActiveCfg = Release|Any CPU
		{EFD9852F-0324-40C9-BAA2-E38EA6772B51}.Release|Any CPU.Build.0 = Release|Any CPU
		{154AE283-10FA-4F72-A747-3B23DE2C27F3}.Debug|Any CPU.ActiveCfg = Debug|Any CPU
		{154AE283-10FA-4F72-A747-3B23DE2C27F3}.Debug|Any CPU.Build.0 = Debug|Any CPU
		{154AE283-10FA-4F72-A747-3B23DE2C27F3}.Release|Any CPU.ActiveCfg = Release|Any CPU
		{154AE283-10FA-4F72-A747-3B23DE2C27F3}.Release|Any CPU.Build.0 = Release|Any CPU
		{D482CDA0-428E-4E48-8709-09A6753A1DA8}.Debug|Any CPU.ActiveCfg = Debug|Any CPU
		{D482CDA0-428E-4E48-8709-09A6753A1DA8}.Debug|Any CPU.Build.0 = Debug|Any CPU
		{D482CDA0-428E-4E48-8709-09A6753A1DA8}.Release|Any CPU.ActiveCfg = Release|Any CPU
		{D482CDA0-428E-4E48-8709-09A6753A1DA8}.Release|Any CPU.Build.0 = Release|Any CPU
		{C2D59235-8281-4B0B-8E1C-93A5C100C631}.Debug|Any CPU.ActiveCfg = Debug|Any CPU
		{C2D59235-8281-4B0B-8E1C-93A5C100C631}.Debug|Any CPU.Build.0 = Debug|Any CPU
		{C2D59235-8281-4B0B-8E1C-93A5C100C631}.Release|Any CPU.ActiveCfg = Release|Any CPU
		{C2D59235-8281-4B0B-8E1C-93A5C100C631}.Release|Any CPU.Build.0 = Release|Any CPU
		{EED17C70-E97B-40B8-89B1-B4D7C70533F7}.Debug|Any CPU.ActiveCfg = Debug|Any CPU
		{EED17C70-E97B-40B8-89B1-B4D7C70533F7}.Debug|Any CPU.Build.0 = Debug|Any CPU
		{EED17C70-E97B-40B8-89B1-B4D7C70533F7}.Release|Any CPU.ActiveCfg = Release|Any CPU
		{EED17C70-E97B-40B8-89B1-B4D7C70533F7}.Release|Any CPU.Build.0 = Release|Any CPU
		{4E26803C-0F0E-4CFB-8261-04F4BC569F1A}.Debug|Any CPU.ActiveCfg = Debug|Any CPU
		{4E26803C-0F0E-4CFB-8261-04F4BC569F1A}.Debug|Any CPU.Build.0 = Debug|Any CPU
		{4E26803C-0F0E-4CFB-8261-04F4BC569F1A}.Release|Any CPU.ActiveCfg = Release|Any CPU
		{4E26803C-0F0E-4CFB-8261-04F4BC569F1A}.Release|Any CPU.Build.0 = Release|Any CPU
		{3B6410F1-2B15-4141-A29F-93A74304C89B}.Debug|Any CPU.ActiveCfg = Debug|Any CPU
		{3B6410F1-2B15-4141-A29F-93A74304C89B}.Debug|Any CPU.Build.0 = Debug|Any CPU
		{3B6410F1-2B15-4141-A29F-93A74304C89B}.Release|Any CPU.ActiveCfg = Release|Any CPU
		{3B6410F1-2B15-4141-A29F-93A74304C89B}.Release|Any CPU.Build.0 = Release|Any CPU
		{819FCB25-D112-489B-B4BC-317546531201}.Debug|Any CPU.ActiveCfg = Debug|Any CPU
		{819FCB25-D112-489B-B4BC-317546531201}.Debug|Any CPU.Build.0 = Debug|Any CPU
		{819FCB25-D112-489B-B4BC-317546531201}.Release|Any CPU.ActiveCfg = Release|Any CPU
		{819FCB25-D112-489B-B4BC-317546531201}.Release|Any CPU.Build.0 = Release|Any CPU
		{EDC623FE-5EA0-4FB3-A59E-B47243B223A3}.Debug|Any CPU.ActiveCfg = Debug|Any CPU
		{EDC623FE-5EA0-4FB3-A59E-B47243B223A3}.Debug|Any CPU.Build.0 = Debug|Any CPU
		{EDC623FE-5EA0-4FB3-A59E-B47243B223A3}.Release|Any CPU.ActiveCfg = Release|Any CPU
		{EDC623FE-5EA0-4FB3-A59E-B47243B223A3}.Release|Any CPU.Build.0 = Release|Any CPU
		{C8694449-E00F-4860-9BD1-A18C360D7BA1}.Debug|Any CPU.ActiveCfg = Debug|Any CPU
		{C8694449-E00F-4860-9BD1-A18C360D7BA1}.Debug|Any CPU.Build.0 = Debug|Any CPU
		{C8694449-E00F-4860-9BD1-A18C360D7BA1}.Release|Any CPU.ActiveCfg = Release|Any CPU
		{C8694449-E00F-4860-9BD1-A18C360D7BA1}.Release|Any CPU.Build.0 = Release|Any CPU
		{D7179382-E4A3-4A44-A708-78B2494CC6DB}.Debug|Any CPU.ActiveCfg = Debug|Any CPU
		{D7179382-E4A3-4A44-A708-78B2494CC6DB}.Debug|Any CPU.Build.0 = Debug|Any CPU
		{D7179382-E4A3-4A44-A708-78B2494CC6DB}.Release|Any CPU.ActiveCfg = Release|Any CPU
		{D7179382-E4A3-4A44-A708-78B2494CC6DB}.Release|Any CPU.Build.0 = Release|Any CPU
	EndGlobalSection
	GlobalSection(NestedProjects) = preSolution
		{EFD9852F-0324-40C9-BAA2-E38EA6772B51} = {F16DECC9-480D-441B-9B78-5061BDCF8A67}
		{154AE283-10FA-4F72-A747-3B23DE2C27F3} = {F16DECC9-480D-441B-9B78-5061BDCF8A67}
		{D482CDA0-428E-4E48-8709-09A6753A1DA8} = {5D0EA423-63F6-4A78-B880-AC6C16CAD17F}
		{BC5A64E5-5B3B-41EF-81CF-CFE89A49ED81} = {5D0EA423-63F6-4A78-B880-AC6C16CAD17F}
		{C2D59235-8281-4B0B-8E1C-93A5C100C631} = {BC5A64E5-5B3B-41EF-81CF-CFE89A49ED81}
		{EED17C70-E97B-40B8-89B1-B4D7C70533F7} = {E4F480EA-BDA0-49C6-923B-3FF75245008B}
		{4E26803C-0F0E-4CFB-8261-04F4BC569F1A} = {E4F480EA-BDA0-49C6-923B-3FF75245008B}
		{3B6410F1-2B15-4141-A29F-93A74304C89B} = {E4F480EA-BDA0-49C6-923B-3FF75245008B}
		{819FCB25-D112-489B-B4BC-317546531201} = {BC5A64E5-5B3B-41EF-81CF-CFE89A49ED81}
		{EDC623FE-5EA0-4FB3-A59E-B47243B223A3} = {5B55D2C8-5A3F-4A36-A26E-37F514E7DAAB}
		{C8694449-E00F-4860-9BD1-A18C360D7BA1} = {5B55D2C8-5A3F-4A36-A26E-37F514E7DAAB}
		{D7179382-E4A3-4A44-A708-78B2494CC6DB} = {E4F480EA-BDA0-49C6-923B-3FF75245008B}
	EndGlobalSection
EndGlobal
